// !$*UTF8*$!
{
	archiveVersion = 1;
	classes = {
	};
	objectVersion = 46;
	objects = {

/* Begin PBXBuildFile section */
		7C13A8B51E158E4C00B91093 /* DataService.swift in Sources */ = {isa = PBXBuildFile; fileRef = 7C13A8B41E158E4C00B91093 /* DataService.swift */; };
		7C13A8B81E1590E900B91093 /* TacoCell.swift in Sources */ = {isa = PBXBuildFile; fileRef = 7C13A8B61E1590E900B91093 /* TacoCell.swift */; };
		7C13A8B91E1590E900B91093 /* TacoCell.xib in Resources */ = {isa = PBXBuildFile; fileRef = 7C13A8B71E1590E900B91093 /* TacoCell.xib */; };
		7C13A8BB1E15963400B91093 /* ReusableView.swift in Sources */ = {isa = PBXBuildFile; fileRef = 7C13A8BA1E15963400B91093 /* ReusableView.swift */; };
		7C13A8BD1E1596A000B91093 /* NibLoadableView.swift in Sources */ = {isa = PBXBuildFile; fileRef = 7C13A8BC1E1596A000B91093 /* NibLoadableView.swift */; };
		7C13A8BF1E15970B00B91093 /* UICollectionView+EXT.swift in Sources */ = {isa = PBXBuildFile; fileRef = 7C13A8BE1E15970B00B91093 /* UICollectionView+EXT.swift */; };
		7C13A8C11E15C22400B91093 /* MutableCollection+EXT.swift in Sources */ = {isa = PBXBuildFile; fileRef = 7C13A8C01E15C22400B91093 /* MutableCollection+EXT.swift */; };
		7CCD22BB1E149043007FD48F /* AppDelegate.swift in Sources */ = {isa = PBXBuildFile; fileRef = 7CCD22BA1E149043007FD48F /* AppDelegate.swift */; };
		7CCD22C01E149043007FD48F /* Main.storyboard in Resources */ = {isa = PBXBuildFile; fileRef = 7CCD22BE1E149043007FD48F /* Main.storyboard */; };
		7CCD22C21E149043007FD48F /* Assets.xcassets in Resources */ = {isa = PBXBuildFile; fileRef = 7CCD22C11E149043007FD48F /* Assets.xcassets */; };
		7CCD22C51E149043007FD48F /* LaunchScreen.storyboard in Resources */ = {isa = PBXBuildFile; fileRef = 7CCD22C31E149043007FD48F /* LaunchScreen.storyboard */; };
		7CCD22D31E149283007FD48F /* MainVC.swift in Sources */ = {isa = PBXBuildFile; fileRef = 7CCD22D21E149283007FD48F /* MainVC.swift */; };
		7CCD22D51E1493BB007FD48F /* DropShadow.swift in Sources */ = {isa = PBXBuildFile; fileRef = 7CCD22D41E1493BB007FD48F /* DropShadow.swift */; };
		7CCD22D71E1496E1007FD48F /* HeaderView.swift in Sources */ = {isa = PBXBuildFile; fileRef = 7CCD22D61E1496E1007FD48F /* HeaderView.swift */; };
		7CCD22D91E149866007FD48F /* Taco.swift in Sources */ = {isa = PBXBuildFile; fileRef = 7CCD22D81E149866007FD48F /* Taco.swift */; };
/* End PBXBuildFile section */

/* Begin PBXFileReference section */
		7C13A8B41E158E4C00B91093 /* DataService.swift */ = {isa = PBXFileReference; fileEncoding = 4; lastKnownFileType = sourcecode.swift; path = DataService.swift; sourceTree = "<group>"; };
		7C13A8B61E1590E900B91093 /* TacoCell.swift */ = {isa = PBXFileReference; fileEncoding = 4; lastKnownFileType = sourcecode.swift; path = TacoCell.swift; sourceTree = "<group>"; };
		7C13A8B71E1590E900B91093 /* TacoCell.xib */ = {isa = PBXFileReference; fileEncoding = 4; lastKnownFileType = file.xib; path = TacoCell.xib; sourceTree = "<group>"; };
		7C13A8BA1E15963400B91093 /* ReusableView.swift */ = {isa = PBXFileReference; fileEncoding = 4; lastKnownFileType = sourcecode.swift; path = ReusableView.swift; sourceTree = "<group>"; };
		7C13A8BC1E1596A000B91093 /* NibLoadableView.swift */ = {isa = PBXFileReference; fileEncoding = 4; lastKnownFileType = sourcecode.swift; path = NibLoadableView.swift; sourceTree = "<group>"; };
		7C13A8BE1E15970B00B91093 /* UICollectionView+EXT.swift */ = {isa = PBXFileReference; fileEncoding = 4; lastKnownFileType = sourcecode.swift; path = "UICollectionView+EXT.swift"; sourceTree = "<group>"; };
		7C13A8C01E15C22400B91093 /* MutableCollection+EXT.swift */ = {isa = PBXFileReference; fileEncoding = 4; lastKnownFileType = sourcecode.swift; path = "MutableCollection+EXT.swift"; sourceTree = "<group>"; };
		7CCD22B71E149043007FD48F /* POPExp.app */ = {isa = PBXFileReference; explicitFileType = wrapper.application; includeInIndex = 0; path = POPExp.app; sourceTree = BUILT_PRODUCTS_DIR; };
		7CCD22BA1E149043007FD48F /* AppDelegate.swift */ = {isa = PBXFileReference; lastKnownFileType = sourcecode.swift; path = AppDelegate.swift; sourceTree = "<group>"; };
		7CCD22BF1E149043007FD48F /* Base */ = {isa = PBXFileReference; lastKnownFileType = file.storyboard; name = Base; path = Base.lproj/Main.storyboard; sourceTree = "<group>"; };
		7CCD22C11E149043007FD48F /* Assets.xcassets */ = {isa = PBXFileReference; lastKnownFileType = folder.assetcatalog; path = Assets.xcassets; sourceTree = "<group>"; };
		7CCD22C41E149043007FD48F /* Base */ = {isa = PBXFileReference; lastKnownFileType = file.storyboard; name = Base; path = Base.lproj/LaunchScreen.storyboard; sourceTree = "<group>"; };
		7CCD22C61E149043007FD48F /* Info.plist */ = {isa = PBXFileReference; lastKnownFileType = text.plist.xml; path = Info.plist; sourceTree = "<group>"; };
		7CCD22D21E149283007FD48F /* MainVC.swift */ = {isa = PBXFileReference; fileEncoding = 4; lastKnownFileType = sourcecode.swift; path = MainVC.swift; sourceTree = "<group>"; };
		7CCD22D41E1493BB007FD48F /* DropShadow.swift */ = {isa = PBXFileReference; fileEncoding = 4; lastKnownFileType = sourcecode.swift; path = DropShadow.swift; sourceTree = "<group>"; };
		7CCD22D61E1496E1007FD48F /* HeaderView.swift */ = {isa = PBXFileReference; fileEncoding = 4; lastKnownFileType = sourcecode.swift; path = HeaderView.swift; sourceTree = "<group>"; };
		7CCD22D81E149866007FD48F /* Taco.swift */ = {isa = PBXFileReference; fileEncoding = 4; lastKnownFileType = sourcecode.swift; path = Taco.swift; sourceTree = "<group>"; };
/* End PBXFileReference section */

/* Begin PBXFrameworksBuildPhase section */
		7CCD22B41E149043007FD48F /* Frameworks */ = {
			isa = PBXFrameworksBuildPhase;
			buildActionMask = 2147483647;
			files = (
			);
			runOnlyForDeploymentPostprocessing = 0;
		};
/* End PBXFrameworksBuildPhase section */

/* Begin PBXGroup section */
		7CCD22AE1E149043007FD48F = {
			isa = PBXGroup;
			children = (
				7CCD22B91E149043007FD48F /* POPExp */,
				7CCD22B81E149043007FD48F /* Products */,
			);
			sourceTree = "<group>";
		};
		7CCD22B81E149043007FD48F /* Products */ = {
			isa = PBXGroup;
			children = (
				7CCD22B71E149043007FD48F /* POPExp.app */,
			);
			name = Products;
			sourceTree = "<group>";
		};
		7CCD22B91E149043007FD48F /* POPExp */ = {
			isa = PBXGroup;
			children = (
				7CCD22D01E1491FE007FD48F /* Extensions */,
				7CCD22CF1E1491FA007FD48F /* Protocols */,
				7CCD22CD1E1491E9007FD48F /* Model */,
				7CCD22CC1E1491E4007FD48F /* View */,
				7CCD22D11E149214007FD48F /* Controller */,
				7CCD22CE1E1491EF007FD48F /* Resources */,
			);
			path = POPExp;
			sourceTree = "<group>";
		};
		7CCD22CC1E1491E4007FD48F /* View */ = {
			isa = PBXGroup;
			children = (
				7CCD22C31E149043007FD48F /* LaunchScreen.storyboard */,
				7CCD22BE1E149043007FD48F /* Main.storyboard */,
				7CCD22D61E1496E1007FD48F /* HeaderView.swift */,
				7C13A8B61E1590E900B91093 /* TacoCell.swift */,
				7C13A8B71E1590E900B91093 /* TacoCell.xib */,
			);
			name = View;
			sourceTree = "<group>";
		};
		7CCD22CD1E1491E9007FD48F /* Model */ = {
			isa = PBXGroup;
			children = (
				7CCD22D81E149866007FD48F /* Taco.swift */,
				7C13A8B41E158E4C00B91093 /* DataService.swift */,
			);
			name = Model;
			sourceTree = "<group>";
		};
		7CCD22CE1E1491EF007FD48F /* Resources */ = {
			isa = PBXGroup;
			children = (
				7CCD22C11E149043007FD48F /* Assets.xcassets */,
				7CCD22C61E149043007FD48F /* Info.plist */,
			);
			name = Resources;
			sourceTree = "<group>";
		};
		7CCD22CF1E1491FA007FD48F /* Protocols */ = {
			isa = PBXGroup;
			children = (
				7CCD22D41E1493BB007FD48F /* DropShadow.swift */,
				7C13A8BA1E15963400B91093 /* ReusableView.swift */,
				7C13A8BC1E1596A000B91093 /* NibLoadableView.swift */,
			);
			name = Protocols;
			sourceTree = "<group>";
		};
		7CCD22D01E1491FE007FD48F /* Extensions */ = {
			isa = PBXGroup;
			children = (
				7C13A8BE1E15970B00B91093 /* UICollectionView+EXT.swift */,
				7C13A8C01E15C22400B91093 /* MutableCollection+EXT.swift */,
			);
			name = Extensions;
			sourceTree = "<group>";
		};
		7CCD22D11E149214007FD48F /* Controller */ = {
			isa = PBXGroup;
			children = (
				7CCD22BA1E149043007FD48F /* AppDelegate.swift */,
				7CCD22D21E149283007FD48F /* MainVC.swift */,
			);
			name = Controller;
			sourceTree = "<group>";
		};
/* End PBXGroup section */

/* Begin PBXNativeTarget section */
		7CCD22B61E149043007FD48F /* POPExp */ = {
			isa = PBXNativeTarget;
			buildConfigurationList = 7CCD22C91E149043007FD48F /* Build configuration list for PBXNativeTarget "POPExp" */;
			buildPhases = (
				7CCD22B31E149043007FD48F /* Sources */,
				7CCD22B41E149043007FD48F /* Frameworks */,
				7CCD22B51E149043007FD48F /* Resources */,
			);
			buildRules = (
			);
			dependencies = (
			);
			name = POPExp;
			productName = POPExp;
			productReference = 7CCD22B71E149043007FD48F /* POPExp.app */;
			productType = "com.apple.product-type.application";
		};
/* End PBXNativeTarget section */

/* Begin PBXProject section */
		7CCD22AF1E149043007FD48F /* Project object */ = {
			isa = PBXProject;
			attributes = {
				LastSwiftUpdateCheck = 0820;
				LastUpgradeCheck = 0820;
				ORGANIZATIONNAME = "Joseph Park";
				TargetAttributes = {
					7CCD22B61E149043007FD48F = {
						CreatedOnToolsVersion = 8.2.1;
						DevelopmentTeam = FZ3E4G9DRA;
						ProvisioningStyle = Automatic;
					};
				};
			};
			buildConfigurationList = 7CCD22B21E149043007FD48F /* Build configuration list for PBXProject "POPExp" */;
			compatibilityVersion = "Xcode 3.2";
			developmentRegion = English;
			hasScannedForEncodings = 0;
			knownRegions = (
				en,
				Base,
			);
			mainGroup = 7CCD22AE1E149043007FD48F;
			productRefGroup = 7CCD22B81E149043007FD48F /* Products */;
			projectDirPath = "";
			projectRoot = "";
			targets = (
				7CCD22B61E149043007FD48F /* POPExp */,
			);
		};
/* End PBXProject section */

/* Begin PBXResourcesBuildPhase section */
		7CCD22B51E149043007FD48F /* Resources */ = {
			isa = PBXResourcesBuildPhase;
			buildActionMask = 2147483647;
			files = (
				7C13A8B91E1590E900B91093 /* TacoCell.xib in Resources */,
				7CCD22C51E149043007FD48F /* LaunchScreen.storyboard in Resources */,
				7CCD22C21E149043007FD48F /* Assets.xcassets in Resources */,
				7CCD22C01E149043007FD48F /* Main.storyboard in Resources */,
			);
			runOnlyForDeploymentPostprocessing = 0;
		};
/* End PBXResourcesBuildPhase section */

/* Begin PBXSourcesBuildPhase section */
		7CCD22B31E149043007FD48F /* Sources */ = {
			isa = PBXSourcesBuildPhase;
			buildActionMask = 2147483647;
			files = (
				7C13A8B81E1590E900B91093 /* TacoCell.swift in Sources */,
				7CCD22BB1E149043007FD48F /* AppDelegate.swift in Sources */,
				7CCD22D51E1493BB007FD48F /* DropShadow.swift in Sources */,
				7C13A8BD1E1596A000B91093 /* NibLoadableView.swift in Sources */,
				7C13A8C11E15C22400B91093 /* MutableCollection+EXT.swift in Sources */,
				7C13A8BB1E15963400B91093 /* ReusableView.swift in Sources */,
				7CCD22D31E149283007FD48F /* MainVC.swift in Sources */,
				7C13A8BF1E15970B00B91093 /* UICollectionView+EXT.swift in Sources */,
				7C13A8B51E158E4C00B91093 /* DataService.swift in Sources */,
				7CCD22D91E149866007FD48F /* Taco.swift in Sources */,
				7CCD22D71E1496E1007FD48F /* HeaderView.swift in Sources */,
			);
			runOnlyForDeploymentPostprocessing = 0;
		};
/* End PBXSourcesBuildPhase section */

/* Begin PBXVariantGroup section */
		7CCD22BE1E149043007FD48F /* Main.storyboard */ = {
			isa = PBXVariantGroup;
			children = (
				7CCD22BF1E149043007FD48F /* Base */,
			);
			name = Main.storyboard;
			sourceTree = "<group>";
		};
		7CCD22C31E149043007FD48F /* LaunchScreen.storyboard */ = {
			isa = PBXVariantGroup;
			children = (
				7CCD22C41E149043007FD48F /* Base */,
			);
			name = LaunchScreen.storyboard;
			sourceTree = "<group>";
		};
/* End PBXVariantGroup section */

/* Begin XCBuildConfiguration section */
		7CCD22C71E149043007FD48F /* Debug */ = {
			isa = XCBuildConfiguration;
			buildSettings = {
				ALWAYS_SEARCH_USER_PATHS = NO;
				CLANG_ANALYZER_NONNULL = YES;
				CLANG_CXX_LANGUAGE_STANDARD = "gnu++0x";
				CLANG_CXX_LIBRARY = "libc++";
				CLANG_ENABLE_MODULES = YES;
				CLANG_ENABLE_OBJC_ARC = YES;
				CLANG_WARN_BOOL_CONVERSION = YES;
				CLANG_WARN_CONSTANT_CONVERSION = YES;
				CLANG_WARN_DIRECT_OBJC_ISA_USAGE = YES_ERROR;
				CLANG_WARN_DOCUMENTATION_COMMENTS = YES;
				CLANG_WARN_EMPTY_BODY = YES;
				CLANG_WARN_ENUM_CONVERSION = YES;
				CLANG_WARN_INFINITE_RECURSION = YES;
				CLANG_WARN_INT_CONVERSION = YES;
				CLANG_WARN_OBJC_ROOT_CLASS = YES_ERROR;
				CLANG_WARN_SUSPICIOUS_MOVE = YES;
				CLANG_WARN_UNREACHABLE_CODE = YES;
				CLANG_WARN__DUPLICATE_METHOD_MATCH = YES;
				"CODE_SIGN_IDENTITY[sdk=iphoneos*]" = "iPhone Developer";
				COPY_PHASE_STRIP = NO;
				DEBUG_INFORMATION_FORMAT = dwarf;
				ENABLE_STRICT_OBJC_MSGSEND = YES;
				ENABLE_TESTABILITY = YES;
				GCC_C_LANGUAGE_STANDARD = gnu99;
				GCC_DYNAMIC_NO_PIC = NO;
				GCC_NO_COMMON_BLOCKS = YES;
				GCC_OPTIMIZATION_LEVEL = 0;
				GCC_PREPROCESSOR_DEFINITIONS = (
					"DEBUG=1",
					"$(inherited)",
				);
				GCC_WARN_64_TO_32_BIT_CONVERSION = YES;
				GCC_WARN_ABOUT_RETURN_TYPE = YES_ERROR;
				GCC_WARN_UNDECLARED_SELECTOR = YES;
				GCC_WARN_UNINITIALIZED_AUTOS = YES_AGGRESSIVE;
				GCC_WARN_UNUSED_FUNCTION = YES;
				GCC_WARN_UNUSED_VARIABLE = YES;
				IPHONEOS_DEPLOYMENT_TARGET = 10.2;
				MTL_ENABLE_DEBUG_INFO = YES;
				ONLY_ACTIVE_ARCH = YES;
				SDKROOT = iphoneos;
				SWIFT_ACTIVE_COMPILATION_CONDITIONS = DEBUG;
				SWIFT_OPTIMIZATION_LEVEL = "-Onone";
				TARGETED_DEVICE_FAMILY = "1,2";
			};
			name = Debug;
		};
		7CCD22C81E149043007FD48F /* Release */ = {
			isa = XCBuildConfiguration;
			buildSettings = {
				ALWAYS_SEARCH_USER_PATHS = NO;
				CLANG_ANALYZER_NONNULL = YES;
				CLANG_CXX_LANGUAGE_STANDARD = "gnu++0x";
				CLANG_CXX_LIBRARY = "libc++";
				CLANG_ENABLE_MODULES = YES;
				CLANG_ENABLE_OBJC_ARC = YES;
				CLANG_WARN_BOOL_CONVERSION = YES;
				CLANG_WARN_CONSTANT_CONVERSION = YES;
				CLANG_WARN_DIRECT_OBJC_ISA_USAGE = YES_ERROR;
				CLANG_WARN_DOCUMENTATION_COMMENTS = YES;
				CLANG_WARN_EMPTY_BODY = YES;
				CLANG_WARN_ENUM_CONVERSION = YES;
				CLANG_WARN_INFINITE_RECURSION = YES;
				CLANG_WARN_INT_CONVERSION = YES;
				CLANG_WARN_OBJC_ROOT_CLASS = YES_ERROR;
				CLANG_WARN_SUSPICIOUS_MOVE = YES;
				CLANG_WARN_UNREACHABLE_CODE = YES;
				CLANG_WARN__DUPLICATE_METHOD_MATCH = YES;
				"CODE_SIGN_IDENTITY[sdk=iphoneos*]" = "iPhone Developer";
				COPY_PHASE_STRIP = NO;
				DEBUG_INFORMATION_FORMAT = "dwarf-with-dsym";
				ENABLE_NS_ASSERTIONS = NO;
				ENABLE_STRICT_OBJC_MSGSEND = YES;
				GCC_C_LANGUAGE_STANDARD = gnu99;
				GCC_NO_COMMON_BLOCKS = YES;
				GCC_WARN_64_TO_32_BIT_CONVERSION = YES;
				GCC_WARN_ABOUT_RETURN_TYPE = YES_ERROR;
				GCC_WARN_UNDECLARED_SELECTOR = YES;
				GCC_WARN_UNINITIALIZED_AUTOS = YES_AGGRESSIVE;
				GCC_WARN_UNUSED_FUNCTION = YES;
				GCC_WARN_UNUSED_VARIABLE = YES;
				IPHONEOS_DEPLOYMENT_TARGET = 10.2;
				MTL_ENABLE_DEBUG_INFO = NO;
				SDKROOT = iphoneos;
				SWIFT_OPTIMIZATION_LEVEL = "-Owholemodule";
				TARGETED_DEVICE_FAMILY = "1,2";
				VALIDATE_PRODUCT = YES;
			};
			name = Release;
		};
		7CCD22CA1E149043007FD48F /* Debug */ = {
			isa = XCBuildConfiguration;
			buildSettings = {
				ASSETCATALOG_COMPILER_APPICON_NAME = AppIcon;
				DEVELOPMENT_TEAM = FZ3E4G9DRA;
				INFOPLIST_FILE = POPExp/Info.plist;
				LD_RUNPATH_SEARCH_PATHS = "$(inherited) @executable_path/Frameworks";
				PRODUCT_BUNDLE_IDENTIFIER = com.joseph.POPExp;
				PRODUCT_NAME = "$(TARGET_NAME)";
				SWIFT_VERSION = 3.0;
			};
			name = Debug;
		};
		7CCD22CB1E149043007FD48F /* Release */ = {
			isa = XCBuildConfiguration;
			buildSettings = {
				ASSETCATALOG_COMPILER_APPICON_NAME = AppIcon;
				DEVELOPMENT_TEAM = FZ3E4G9DRA;
				INFOPLIST_FILE = POPExp/Info.plist;
				LD_RUNPATH_SEARCH_PATHS = "$(inherited) @executable_path/Frameworks";
				PRODUCT_BUNDLE_IDENTIFIER = com.joseph.POPExp;
				PRODUCT_NAME = "$(TARGET_NAME)";
				SWIFT_VERSION = 3.0;
			};
			name = Release;
		};
/* End XCBuildConfiguration section */

/* Begin XCConfigurationList section */
		7CCD22B21E149043007FD48F /* Build configuration list for PBXProject "POPExp" */ = {
			isa = XCConfigurationList;
			buildConfigurations = (
				7CCD22C71E149043007FD48F /* Debug */,
				7CCD22C81E149043007FD48F /* Release */,
			);
			defaultConfigurationIsVisible = 0;
			defaultConfigurationName = Release;
		};
		7CCD22C91E149043007FD48F /* Build configuration list for PBXNativeTarget "POPExp" */ = {
			isa = XCConfigurationList;
			buildConfigurations = (
				7CCD22CA1E149043007FD48F /* Debug */,
				7CCD22CB1E149043007FD48F /* Release */,
			);
			defaultConfigurationIsVisible = 0;
			defaultConfigurationName = Release;
		};
/* End XCConfigurationList section */
	};
	rootObject = 7CCD22AF1E149043007FD48F /* Project object */;
}
