// !$*UTF8*$!
{
	archiveVersion = 1;
	classes = {
	};
	objectVersion = 46;
	objects = {

/* Begin PBXBuildFile section */
		7CBA98521DECE8B60078B236 /* Item+CoreDataClass.swift in Sources */ = {isa = PBXBuildFile; fileRef = 7CBA984A1DECE8B60078B236 /* Item+CoreDataClass.swift */; };
		7CBA98531DECE8B60078B236 /* Item+CoreDataProperties.swift in Sources */ = {isa = PBXBuildFile; fileRef = 7CBA984B1DECE8B60078B236 /* Item+CoreDataProperties.swift */; };
		7CBA98541DECE8B60078B236 /* Store+CoreDataClass.swift in Sources */ = {isa = PBXBuildFile; fileRef = 7CBA984C1DECE8B60078B236 /* Store+CoreDataClass.swift */; };
		7CBA98551DECE8B60078B236 /* Store+CoreDataProperties.swift in Sources */ = {isa = PBXBuildFile; fileRef = 7CBA984D1DECE8B60078B236 /* Store+CoreDataProperties.swift */; };
		7CBA98561DECE8B60078B236 /* Image+CoreDataClass.swift in Sources */ = {isa = PBXBuildFile; fileRef = 7CBA984E1DECE8B60078B236 /* Image+CoreDataClass.swift */; };
		7CBA98571DECE8B60078B236 /* Image+CoreDataProperties.swift in Sources */ = {isa = PBXBuildFile; fileRef = 7CBA984F1DECE8B60078B236 /* Image+CoreDataProperties.swift */; };
		7CBA98581DECE8B60078B236 /* ItemType+CoreDataClass.swift in Sources */ = {isa = PBXBuildFile; fileRef = 7CBA98501DECE8B60078B236 /* ItemType+CoreDataClass.swift */; };
		7CBA98591DECE8B60078B236 /* ItemType+CoreDataProperties.swift in Sources */ = {isa = PBXBuildFile; fileRef = 7CBA98511DECE8B60078B236 /* ItemType+CoreDataProperties.swift */; };
		7CE662F21DEA64F0005C9ACD /* AppDelegate.swift in Sources */ = {isa = PBXBuildFile; fileRef = 7CE662F11DEA64F0005C9ACD /* AppDelegate.swift */; };
		7CE662F41DEA64F0005C9ACD /* MainVC.swift in Sources */ = {isa = PBXBuildFile; fileRef = 7CE662F31DEA64F0005C9ACD /* MainVC.swift */; };
		7CE662F71DEA64F0005C9ACD /* Main.storyboard in Resources */ = {isa = PBXBuildFile; fileRef = 7CE662F51DEA64F0005C9ACD /* Main.storyboard */; };
		7CE662FA1DEA64F0005C9ACD /* DreamLister.xcdatamodeld in Sources */ = {isa = PBXBuildFile; fileRef = 7CE662F81DEA64F0005C9ACD /* DreamLister.xcdatamodeld */; };
		7CE662FC1DEA64F0005C9ACD /* Assets.xcassets in Resources */ = {isa = PBXBuildFile; fileRef = 7CE662FB1DEA64F0005C9ACD /* Assets.xcassets */; };
		7CE662FF1DEA64F0005C9ACD /* LaunchScreen.storyboard in Resources */ = {isa = PBXBuildFile; fileRef = 7CE662FD1DEA64F0005C9ACD /* LaunchScreen.storyboard */; };
		7CE6632A1DEA8147005C9ACD /* MaterialView.swift in Sources */ = {isa = PBXBuildFile; fileRef = 7CE663291DEA8147005C9ACD /* MaterialView.swift */; };
		7CE6632C1DEA83A0005C9ACD /* ItemCell.swift in Sources */ = {isa = PBXBuildFile; fileRef = 7CE6632B1DEA83A0005C9ACD /* ItemCell.swift */; };
/* End PBXBuildFile section */

/* Begin PBXFileReference section */
		7CBA984A1DECE8B60078B236 /* Item+CoreDataClass.swift */ = {isa = PBXFileReference; fileEncoding = 4; lastKnownFileType = sourcecode.swift; name = "Item+CoreDataClass.swift"; path = "../Item+CoreDataClass.swift"; sourceTree = "<group>"; };
		7CBA984B1DECE8B60078B236 /* Item+CoreDataProperties.swift */ = {isa = PBXFileReference; fileEncoding = 4; lastKnownFileType = sourcecode.swift; name = "Item+CoreDataProperties.swift"; path = "../Item+CoreDataProperties.swift"; sourceTree = "<group>"; };
		7CBA984C1DECE8B60078B236 /* Store+CoreDataClass.swift */ = {isa = PBXFileReference; fileEncoding = 4; lastKnownFileType = sourcecode.swift; name = "Store+CoreDataClass.swift"; path = "../Store+CoreDataClass.swift"; sourceTree = "<group>"; };
		7CBA984D1DECE8B60078B236 /* Store+CoreDataProperties.swift */ = {isa = PBXFileReference; fileEncoding = 4; lastKnownFileType = sourcecode.swift; name = "Store+CoreDataProperties.swift"; path = "../Store+CoreDataProperties.swift"; sourceTree = "<group>"; };
		7CBA984E1DECE8B60078B236 /* Image+CoreDataClass.swift */ = {isa = PBXFileReference; fileEncoding = 4; lastKnownFileType = sourcecode.swift; name = "Image+CoreDataClass.swift"; path = "../Image+CoreDataClass.swift"; sourceTree = "<group>"; };
		7CBA984F1DECE8B60078B236 /* Image+CoreDataProperties.swift */ = {isa = PBXFileReference; fileEncoding = 4; lastKnownFileType = sourcecode.swift; name = "Image+CoreDataProperties.swift"; path = "../Image+CoreDataProperties.swift"; sourceTree = "<group>"; };
		7CBA98501DECE8B60078B236 /* ItemType+CoreDataClass.swift */ = {isa = PBXFileReference; fileEncoding = 4; lastKnownFileType = sourcecode.swift; name = "ItemType+CoreDataClass.swift"; path = "../ItemType+CoreDataClass.swift"; sourceTree = "<group>"; };
		7CBA98511DECE8B60078B236 /* ItemType+CoreDataProperties.swift */ = {isa = PBXFileReference; fileEncoding = 4; lastKnownFileType = sourcecode.swift; name = "ItemType+CoreDataProperties.swift"; path = "../ItemType+CoreDataProperties.swift"; sourceTree = "<group>"; };
		7CE662EE1DEA64F0005C9ACD /* DreamLister.app */ = {isa = PBXFileReference; explicitFileType = wrapper.application; includeInIndex = 0; path = DreamLister.app; sourceTree = BUILT_PRODUCTS_DIR; };
		7CE662F11DEA64F0005C9ACD /* AppDelegate.swift */ = {isa = PBXFileReference; lastKnownFileType = sourcecode.swift; path = AppDelegate.swift; sourceTree = "<group>"; };
		7CE662F31DEA64F0005C9ACD /* MainVC.swift */ = {isa = PBXFileReference; lastKnownFileType = sourcecode.swift; path = MainVC.swift; sourceTree = "<group>"; };
		7CE662F61DEA64F0005C9ACD /* Base */ = {isa = PBXFileReference; lastKnownFileType = file.storyboard; name = Base; path = Base.lproj/Main.storyboard; sourceTree = "<group>"; };
		7CE662F91DEA64F0005C9ACD /* DreamLister.xcdatamodel */ = {isa = PBXFileReference; lastKnownFileType = wrapper.xcdatamodel; path = DreamLister.xcdatamodel; sourceTree = "<group>"; };
		7CE662FB1DEA64F0005C9ACD /* Assets.xcassets */ = {isa = PBXFileReference; lastKnownFileType = folder.assetcatalog; path = Assets.xcassets; sourceTree = "<group>"; };
		7CE662FE1DEA64F0005C9ACD /* Base */ = {isa = PBXFileReference; lastKnownFileType = file.storyboard; name = Base; path = Base.lproj/LaunchScreen.storyboard; sourceTree = "<group>"; };
		7CE663001DEA64F0005C9ACD /* Info.plist */ = {isa = PBXFileReference; lastKnownFileType = text.plist.xml; path = Info.plist; sourceTree = "<group>"; };
		7CE663291DEA8147005C9ACD /* MaterialView.swift */ = {isa = PBXFileReference; fileEncoding = 4; lastKnownFileType = sourcecode.swift; path = MaterialView.swift; sourceTree = "<group>"; };
		7CE6632B1DEA83A0005C9ACD /* ItemCell.swift */ = {isa = PBXFileReference; fileEncoding = 4; lastKnownFileType = sourcecode.swift; path = ItemCell.swift; sourceTree = "<group>"; };
/* End PBXFileReference section */

/* Begin PBXFrameworksBuildPhase section */
		7CE662EB1DEA64F0005C9ACD /* Frameworks */ = {
			isa = PBXFrameworksBuildPhase;
			buildActionMask = 2147483647;
			files = (
			);
			runOnlyForDeploymentPostprocessing = 0;
		};
/* End PBXFrameworksBuildPhase section */

/* Begin PBXGroup section */
		7CE662E51DEA64F0005C9ACD = {
			isa = PBXGroup;
			children = (
				7CE662F01DEA64F0005C9ACD /* DreamLister */,
				7CE662EF1DEA64F0005C9ACD /* Products */,
			);
			sourceTree = "<group>";
		};
		7CE662EF1DEA64F0005C9ACD /* Products */ = {
			isa = PBXGroup;
			children = (
				7CE662EE1DEA64F0005C9ACD /* DreamLister.app */,
			);
			name = Products;
			sourceTree = "<group>";
		};
		7CE662F01DEA64F0005C9ACD /* DreamLister */ = {
			isa = PBXGroup;
			children = (
				7CE663281DEA812F005C9ACD /* View */,
				7CE663161DEA71D9005C9ACD /* Model */,
				7CE662F11DEA64F0005C9ACD /* AppDelegate.swift */,
				7CE662F31DEA64F0005C9ACD /* MainVC.swift */,
				7CE662F51DEA64F0005C9ACD /* Main.storyboard */,
				7CE662FB1DEA64F0005C9ACD /* Assets.xcassets */,
				7CE662FD1DEA64F0005C9ACD /* LaunchScreen.storyboard */,
				7CE663001DEA64F0005C9ACD /* Info.plist */,
				7CE662F81DEA64F0005C9ACD /* DreamLister.xcdatamodeld */,
			);
			path = DreamLister;
			sourceTree = "<group>";
		};
		7CE663161DEA71D9005C9ACD /* Model */ = {
			isa = PBXGroup;
			children = (
				7CBA984A1DECE8B60078B236 /* Item+CoreDataClass.swift */,
				7CBA984C1DECE8B60078B236 /* Store+CoreDataClass.swift */,
				7CBA984E1DECE8B60078B236 /* Image+CoreDataClass.swift */,
				7CBA98501DECE8B60078B236 /* ItemType+CoreDataClass.swift */,
				7CE663171DEA71E2005C9ACD /* Generated */,
			);
			name = Model;
			sourceTree = "<group>";
		};
		7CE663171DEA71E2005C9ACD /* Generated */ = {
			isa = PBXGroup;
			children = (
				7CBA984B1DECE8B60078B236 /* Item+CoreDataProperties.swift */,
				7CBA984D1DECE8B60078B236 /* Store+CoreDataProperties.swift */,
				7CBA984F1DECE8B60078B236 /* Image+CoreDataProperties.swift */,
				7CBA98511DECE8B60078B236 /* ItemType+CoreDataProperties.swift */,
			);
			name = Generated;
			sourceTree = "<group>";
		};
		7CE663281DEA812F005C9ACD /* View */ = {
			isa = PBXGroup;
			children = (
				7CE663291DEA8147005C9ACD /* MaterialView.swift */,
				7CE6632B1DEA83A0005C9ACD /* ItemCell.swift */,
			);
			name = View;
			sourceTree = "<group>";
		};
/* End PBXGroup section */

/* Begin PBXNativeTarget section */
		7CE662ED1DEA64F0005C9ACD /* DreamLister */ = {
			isa = PBXNativeTarget;
			buildConfigurationList = 7CE663031DEA64F0005C9ACD /* Build configuration list for PBXNativeTarget "DreamLister" */;
			buildPhases = (
				7CE662EA1DEA64F0005C9ACD /* Sources */,
				7CE662EB1DEA64F0005C9ACD /* Frameworks */,
				7CE662EC1DEA64F0005C9ACD /* Resources */,
			);
			buildRules = (
			);
			dependencies = (
			);
			name = DreamLister;
			productName = DreamLister;
			productReference = 7CE662EE1DEA64F0005C9ACD /* DreamLister.app */;
			productType = "com.apple.product-type.application";
		};
/* End PBXNativeTarget section */

/* Begin PBXProject section */
		7CE662E61DEA64F0005C9ACD /* Project object */ = {
			isa = PBXProject;
			attributes = {
				LastSwiftUpdateCheck = 0810;
				LastUpgradeCheck = 0810;
				ORGANIZATIONNAME = "Joseph Park";
				TargetAttributes = {
					7CE662ED1DEA64F0005C9ACD = {
						CreatedOnToolsVersion = 8.1;
						DevelopmentTeam = FZ3E4G9DRA;
						ProvisioningStyle = Automatic;
					};
				};
			};
			buildConfigurationList = 7CE662E91DEA64F0005C9ACD /* Build configuration list for PBXProject "DreamLister" */;
			compatibilityVersion = "Xcode 3.2";
			developmentRegion = English;
			hasScannedForEncodings = 0;
			knownRegions = (
				en,
				Base,
			);
			mainGroup = 7CE662E51DEA64F0005C9ACD;
			productRefGroup = 7CE662EF1DEA64F0005C9ACD /* Products */;
			projectDirPath = "";
			projectRoot = "";
			targets = (
				7CE662ED1DEA64F0005C9ACD /* DreamLister */,
			);
		};
/* End PBXProject section */

/* Begin PBXResourcesBuildPhase section */
		7CE662EC1DEA64F0005C9ACD /* Resources */ = {
			isa = PBXResourcesBuildPhase;
			buildActionMask = 2147483647;
			files = (
				7CE662FF1DEA64F0005C9ACD /* LaunchScreen.storyboard in Resources */,
				7CE662FC1DEA64F0005C9ACD /* Assets.xcassets in Resources */,
				7CE662F71DEA64F0005C9ACD /* Main.storyboard in Resources */,
			);
			runOnlyForDeploymentPostprocessing = 0;
		};
/* End PBXResourcesBuildPhase section */

/* Begin PBXSourcesBuildPhase section */
		7CE662EA1DEA64F0005C9ACD /* Sources */ = {
			isa = PBXSourcesBuildPhase;
			buildActionMask = 2147483647;
			files = (
				7CBA98581DECE8B60078B236 /* ItemType+CoreDataClass.swift in Sources */,
				7CBA98531DECE8B60078B236 /* Item+CoreDataProperties.swift in Sources */,
				7CBA98521DECE8B60078B236 /* Item+CoreDataClass.swift in Sources */,
				7CE6632C1DEA83A0005C9ACD /* ItemCell.swift in Sources */,
				7CE662F41DEA64F0005C9ACD /* MainVC.swift in Sources */,
				7CBA98551DECE8B60078B236 /* Store+CoreDataProperties.swift in Sources */,
				7CE6632A1DEA8147005C9ACD /* MaterialView.swift in Sources */,
				7CBA98541DECE8B60078B236 /* Store+CoreDataClass.swift in Sources */,
				7CE662F21DEA64F0005C9ACD /* AppDelegate.swift in Sources */,
				7CBA98591DECE8B60078B236 /* ItemType+CoreDataProperties.swift in Sources */,
				7CE662FA1DEA64F0005C9ACD /* DreamLister.xcdatamodeld in Sources */,
				7CBA98561DECE8B60078B236 /* Image+CoreDataClass.swift in Sources */,
				7CBA98571DECE8B60078B236 /* Image+CoreDataProperties.swift in Sources */,
			);
			runOnlyForDeploymentPostprocessing = 0;
		};
/* End PBXSourcesBuildPhase section */

/* Begin PBXVariantGroup section */
		7CE662F51DEA64F0005C9ACD /* Main.storyboard */ = {
			isa = PBXVariantGroup;
			children = (
				7CE662F61DEA64F0005C9ACD /* Base */,
			);
			name = Main.storyboard;
			sourceTree = "<group>";
		};
		7CE662FD1DEA64F0005C9ACD /* LaunchScreen.storyboard */ = {
			isa = PBXVariantGroup;
			children = (
				7CE662FE1DEA64F0005C9ACD /* Base */,
			);
			name = LaunchScreen.storyboard;
			sourceTree = "<group>";
		};
/* End PBXVariantGroup section */

/* Begin XCBuildConfiguration section */
		7CE663011DEA64F0005C9ACD /* Debug */ = {
			isa = XCBuildConfiguration;
			buildSettings = {
				ALWAYS_SEARCH_USER_PATHS = NO;
				CLANG_ANALYZER_NONNULL = YES;
				CLANG_CXX_LANGUAGE_STANDARD = "gnu++0x";
				CLANG_CXX_LIBRARY = "libc++";
				CLANG_ENABLE_MODULES = YES;
				CLANG_ENABLE_OBJC_ARC = YES;
				CLANG_WARN_BOOL_CONVERSION = YES;
				CLANG_WARN_CONSTANT_CONVERSION = YES;
				CLANG_WARN_DIRECT_OBJC_ISA_USAGE = YES_ERROR;
				CLANG_WARN_DOCUMENTATION_COMMENTS = YES;
				CLANG_WARN_EMPTY_BODY = YES;
				CLANG_WARN_ENUM_CONVERSION = YES;
				CLANG_WARN_INFINITE_RECURSION = YES;
				CLANG_WARN_INT_CONVERSION = YES;
				CLANG_WARN_OBJC_ROOT_CLASS = YES_ERROR;
				CLANG_WARN_SUSPICIOUS_MOVES = YES;
				CLANG_WARN_UNREACHABLE_CODE = YES;
				CLANG_WARN__DUPLICATE_METHOD_MATCH = YES;
				"CODE_SIGN_IDENTITY[sdk=iphoneos*]" = "iPhone Developer";
				COPY_PHASE_STRIP = NO;
				DEBUG_INFORMATION_FORMAT = dwarf;
				ENABLE_STRICT_OBJC_MSGSEND = YES;
				ENABLE_TESTABILITY = YES;
				GCC_C_LANGUAGE_STANDARD = gnu99;
				GCC_DYNAMIC_NO_PIC = NO;
				GCC_NO_COMMON_BLOCKS = YES;
				GCC_OPTIMIZATION_LEVEL = 0;
				GCC_PREPROCESSOR_DEFINITIONS = (
					"DEBUG=1",
					"$(inherited)",
				);
				GCC_WARN_64_TO_32_BIT_CONVERSION = YES;
				GCC_WARN_ABOUT_RETURN_TYPE = YES_ERROR;
				GCC_WARN_UNDECLARED_SELECTOR = YES;
				GCC_WARN_UNINITIALIZED_AUTOS = YES_AGGRESSIVE;
				GCC_WARN_UNUSED_FUNCTION = YES;
				GCC_WARN_UNUSED_VARIABLE = YES;
				IPHONEOS_DEPLOYMENT_TARGET = 10.1;
				MTL_ENABLE_DEBUG_INFO = YES;
				ONLY_ACTIVE_ARCH = YES;
				SDKROOT = iphoneos;
				SWIFT_ACTIVE_COMPILATION_CONDITIONS = DEBUG;
				SWIFT_OPTIMIZATION_LEVEL = "-Onone";
				TARGETED_DEVICE_FAMILY = "1,2";
			};
			name = Debug;
		};
		7CE663021DEA64F0005C9ACD /* Release */ = {
			isa = XCBuildConfiguration;
			buildSettings = {
				ALWAYS_SEARCH_USER_PATHS = NO;
				CLANG_ANALYZER_NONNULL = YES;
				CLANG_CXX_LANGUAGE_STANDARD = "gnu++0x";
				CLANG_CXX_LIBRARY = "libc++";
				CLANG_ENABLE_MODULES = YES;
				CLANG_ENABLE_OBJC_ARC = YES;
				CLANG_WARN_BOOL_CONVERSION = YES;
				CLANG_WARN_CONSTANT_CONVERSION = YES;
				CLANG_WARN_DIRECT_OBJC_ISA_USAGE = YES_ERROR;
				CLANG_WARN_DOCUMENTATION_COMMENTS = YES;
				CLANG_WARN_EMPTY_BODY = YES;
				CLANG_WARN_ENUM_CONVERSION = YES;
				CLANG_WARN_INFINITE_RECURSION = YES;
				CLANG_WARN_INT_CONVERSION = YES;
				CLANG_WARN_OBJC_ROOT_CLASS = YES_ERROR;
				CLANG_WARN_SUSPICIOUS_MOVES = YES;
				CLANG_WARN_UNREACHABLE_CODE = YES;
				CLANG_WARN__DUPLICATE_METHOD_MATCH = YES;
				"CODE_SIGN_IDENTITY[sdk=iphoneos*]" = "iPhone Developer";
				COPY_PHASE_STRIP = NO;
				DEBUG_INFORMATION_FORMAT = "dwarf-with-dsym";
				ENABLE_NS_ASSERTIONS = NO;
				ENABLE_STRICT_OBJC_MSGSEND = YES;
				GCC_C_LANGUAGE_STANDARD = gnu99;
				GCC_NO_COMMON_BLOCKS = YES;
				GCC_WARN_64_TO_32_BIT_CONVERSION = YES;
				GCC_WARN_ABOUT_RETURN_TYPE = YES_ERROR;
				GCC_WARN_UNDECLARED_SELECTOR = YES;
				GCC_WARN_UNINITIALIZED_AUTOS = YES_AGGRESSIVE;
				GCC_WARN_UNUSED_FUNCTION = YES;
				GCC_WARN_UNUSED_VARIABLE = YES;
				IPHONEOS_DEPLOYMENT_TARGET = 10.1;
				MTL_ENABLE_DEBUG_INFO = NO;
				SDKROOT = iphoneos;
				SWIFT_OPTIMIZATION_LEVEL = "-Owholemodule";
				TARGETED_DEVICE_FAMILY = "1,2";
				VALIDATE_PRODUCT = YES;
			};
			name = Release;
		};
		7CE663041DEA64F0005C9ACD /* Debug */ = {
			isa = XCBuildConfiguration;
			buildSettings = {
				ASSETCATALOG_COMPILER_APPICON_NAME = AppIcon;
				DEVELOPMENT_TEAM = FZ3E4G9DRA;
				INFOPLIST_FILE = DreamLister/Info.plist;
				LD_RUNPATH_SEARCH_PATHS = "$(inherited) @executable_path/Frameworks";
				PRODUCT_BUNDLE_IDENTIFIER = com.joseph.DreamLister;
				PRODUCT_NAME = "$(TARGET_NAME)";
				SWIFT_VERSION = 3.0;
			};
			name = Debug;
		};
		7CE663051DEA64F0005C9ACD /* Release */ = {
			isa = XCBuildConfiguration;
			buildSettings = {
				ASSETCATALOG_COMPILER_APPICON_NAME = AppIcon;
				DEVELOPMENT_TEAM = FZ3E4G9DRA;
				INFOPLIST_FILE = DreamLister/Info.plist;
				LD_RUNPATH_SEARCH_PATHS = "$(inherited) @executable_path/Frameworks";
				PRODUCT_BUNDLE_IDENTIFIER = com.joseph.DreamLister;
				PRODUCT_NAME = "$(TARGET_NAME)";
				SWIFT_VERSION = 3.0;
			};
			name = Release;
		};
/* End XCBuildConfiguration section */

/* Begin XCConfigurationList section */
		7CE662E91DEA64F0005C9ACD /* Build configuration list for PBXProject "DreamLister" */ = {
			isa = XCConfigurationList;
			buildConfigurations = (
				7CE663011DEA64F0005C9ACD /* Debug */,
				7CE663021DEA64F0005C9ACD /* Release */,
			);
			defaultConfigurationIsVisible = 0;
			defaultConfigurationName = Release;
		};
		7CE663031DEA64F0005C9ACD /* Build configuration list for PBXNativeTarget "DreamLister" */ = {
			isa = XCConfigurationList;
			buildConfigurations = (
				7CE663041DEA64F0005C9ACD /* Debug */,
				7CE663051DEA64F0005C9ACD /* Release */,
			);
			defaultConfigurationIsVisible = 0;
			defaultConfigurationName = Release;
		};
/* End XCConfigurationList section */

/* Begin XCVersionGroup section */
		7CE662F81DEA64F0005C9ACD /* DreamLister.xcdatamodeld */ = {
			isa = XCVersionGroup;
			children = (
				7CE662F91DEA64F0005C9ACD /* DreamLister.xcdatamodel */,
			);
			currentVersion = 7CE662F91DEA64F0005C9ACD /* DreamLister.xcdatamodel */;
			path = DreamLister.xcdatamodeld;
			sourceTree = "<group>";
			versionGroupType = wrapper.xcdatamodel;
		};
/* End XCVersionGroup section */
	};
	rootObject = 7CE662E61DEA64F0005C9ACD /* Project object */;
}
